
Microsoft Visual Studio Solution File, Format Version 12.00
# Visual Studio Version 17
VisualStudioVersion = 17.3.32922.545
MinimumVisualStudioVersion = 10.0.40219.1
Project("{FAE04EC0-301F-11D3-BF4B-00C04F79EFBC}") = "History.Api", "History.Api\History.Api.csproj", "{4AF2EB7E-AA03-4597-BB79-8EC5D9310769}"
EndProject
Global
	GlobalSection(SolutionConfigurationPlatforms) = preSolution
		Debug|Any CPU = Debug|Any CPU
		Release|Any CPU = Release|Any CPU
	EndGlobalSection
	GlobalSection(ProjectConfigurationPlatforms) = postSolution
		{4AF2EB7E-AA03-4597-BB79-8EC5D9310769}.Debug|Any CPU.ActiveCfg = Debug|Any CPU
		{4AF2EB7E-AA03-4597-BB79-8EC5D9310769}.Debug|Any CPU.Build.0 = Debug|Any CPU
		{4AF2EB7E-AA03-4597-BB79-8EC5D9310769}.Release|Any CPU.ActiveCfg = Release|Any CPU
		{4AF2EB7E-AA03-4597-BB79-8EC5D9310769}.Release|Any CPU.Build.0 = Release|Any CPU
	EndGlobalSection
	GlobalSection(SolutionProperties) = preSolution
		HideSolutionNode = FALSE
	EndGlobalSection
	GlobalSection(ExtensibilityGlobals) = postSolution
		SolutionGuid = {B77052AE-4CB5-465D-811A-CB6685DDD115}
	EndGlobalSection
EndGlobal
